// !$*UTF8*$!
{
	archiveVersion = 1;
	classes = {
	};
	objectVersion = 50;
	objects = {

/* Begin PBXBuildFile section */
		1463478822E067C60046F357 /* AppDelegate.swift in Sources */ = {isa = PBXBuildFile; fileRef = 1463478722E067C60046F357 /* AppDelegate.swift */; };
		1463478A22E067C60046F357 /* ViewController.swift in Sources */ = {isa = PBXBuildFile; fileRef = 1463478922E067C60046F357 /* ViewController.swift */; };
		1463478D22E067C60046F357 /* Main.storyboard in Resources */ = {isa = PBXBuildFile; fileRef = 1463478B22E067C60046F357 /* Main.storyboard */; };
		1463478F22E067C70046F357 /* Assets.xcassets in Resources */ = {isa = PBXBuildFile; fileRef = 1463478E22E067C70046F357 /* Assets.xcassets */; };
		1463479222E067C70046F357 /* LaunchScreen.storyboard in Resources */ = {isa = PBXBuildFile; fileRef = 1463479022E067C70046F357 /* LaunchScreen.storyboard */; };
		1463479D22E067C70046F357 /* WatchApp_GuessTests.swift in Sources */ = {isa = PBXBuildFile; fileRef = 1463479C22E067C70046F357 /* WatchApp_GuessTests.swift */; };
		146347A822E067C70046F357 /* WatchApp_GuessUITests.swift in Sources */ = {isa = PBXBuildFile; fileRef = 146347A722E067C70046F357 /* WatchApp_GuessUITests.swift */; };
		146347AD22E067C70046F357 /* WatchApp_Guess WatchKit App.app in Embed Watch Content */ = {isa = PBXBuildFile; fileRef = 146347AC22E067C70046F357 /* WatchApp_Guess WatchKit App.app */; };
		146347B322E067C70046F357 /* Interface.storyboard in Resources */ = {isa = PBXBuildFile; fileRef = 146347B122E067C70046F357 /* Interface.storyboard */; };
		146347B522E067C80046F357 /* Assets.xcassets in Resources */ = {isa = PBXBuildFile; fileRef = 146347B422E067C80046F357 /* Assets.xcassets */; };
		146347BC22E067C80046F357 /* WatchApp_Guess WatchKit Extension.appex in Embed App Extensions */ = {isa = PBXBuildFile; fileRef = 146347BB22E067C80046F357 /* WatchApp_Guess WatchKit Extension.appex */; settings = {ATTRIBUTES = (RemoveHeadersOnCopy, ); }; };
		146347C122E067C80046F357 /* InterfaceController.swift in Sources */ = {isa = PBXBuildFile; fileRef = 146347C022E067C80046F357 /* InterfaceController.swift */; };
		146347C322E067C80046F357 /* ExtensionDelegate.swift in Sources */ = {isa = PBXBuildFile; fileRef = 146347C222E067C80046F357 /* ExtensionDelegate.swift */; };
		146347C522E067C80046F357 /* NotificationController.swift in Sources */ = {isa = PBXBuildFile; fileRef = 146347C422E067C80046F357 /* NotificationController.swift */; };
		146347C722E067C80046F357 /* ComplicationController.swift in Sources */ = {isa = PBXBuildFile; fileRef = 146347C622E067C80046F357 /* ComplicationController.swift */; };
		146347C922E067C80046F357 /* Assets.xcassets in Resources */ = {isa = PBXBuildFile; fileRef = 146347C822E067C80046F357 /* Assets.xcassets */; };
/* End PBXBuildFile section */

/* Begin PBXContainerItemProxy section */
		1463479922E067C70046F357 /* PBXContainerItemProxy */ = {
			isa = PBXContainerItemProxy;
			containerPortal = 1463477C22E067C60046F357 /* Project object */;
			proxyType = 1;
			remoteGlobalIDString = 1463478322E067C60046F357;
			remoteInfo = WatchApp_Guess;
		};
		146347A422E067C70046F357 /* PBXContainerItemProxy */ = {
			isa = PBXContainerItemProxy;
			containerPortal = 1463477C22E067C60046F357 /* Project object */;
			proxyType = 1;
			remoteGlobalIDString = 1463478322E067C60046F357;
			remoteInfo = WatchApp_Guess;
		};
		146347AE22E067C70046F357 /* PBXContainerItemProxy */ = {
			isa = PBXContainerItemProxy;
			containerPortal = 1463477C22E067C60046F357 /* Project object */;
			proxyType = 1;
			remoteGlobalIDString = 146347AB22E067C70046F357;
			remoteInfo = "WatchApp_Guess WatchKit App";
		};
		146347BD22E067C80046F357 /* PBXContainerItemProxy */ = {
			isa = PBXContainerItemProxy;
			containerPortal = 1463477C22E067C60046F357 /* Project object */;
			proxyType = 1;
			remoteGlobalIDString = 146347BA22E067C80046F357;
			remoteInfo = "WatchApp_Guess WatchKit Extension";
		};
/* End PBXContainerItemProxy section */

/* Begin PBXCopyFilesBuildPhase section */
		146347D122E067C90046F357 /* Embed App Extensions */ = {
			isa = PBXCopyFilesBuildPhase;
			buildActionMask = 2147483647;
			dstPath = "";
			dstSubfolderSpec = 13;
			files = (
				146347BC22E067C80046F357 /* WatchApp_Guess WatchKit Extension.appex in Embed App Extensions */,
			);
			name = "Embed App Extensions";
			runOnlyForDeploymentPostprocessing = 0;
		};
		146347D522E067C90046F357 /* Embed Watch Content */ = {
			isa = PBXCopyFilesBuildPhase;
			buildActionMask = 2147483647;
			dstPath = "$(CONTENTS_FOLDER_PATH)/Watch";
			dstSubfolderSpec = 16;
			files = (
				146347AD22E067C70046F357 /* WatchApp_Guess WatchKit App.app in Embed Watch Content */,
			);
			name = "Embed Watch Content";
			runOnlyForDeploymentPostprocessing = 0;
		};
/* End PBXCopyFilesBuildPhase section */

/* Begin PBXFileReference section */
		1463478422E067C60046F357 /* WatchApp_Guess.app */ = {isa = PBXFileReference; explicitFileType = wrapper.application; includeInIndex = 0; path = WatchApp_Guess.app; sourceTree = BUILT_PRODUCTS_DIR; };
		1463478722E067C60046F357 /* AppDelegate.swift */ = {isa = PBXFileReference; lastKnownFileType = sourcecode.swift; path = AppDelegate.swift; sourceTree = "<group>"; };
		1463478922E067C60046F357 /* ViewController.swift */ = {isa = PBXFileReference; lastKnownFileType = sourcecode.swift; path = ViewController.swift; sourceTree = "<group>"; };
		1463478C22E067C60046F357 /* Base */ = {isa = PBXFileReference; lastKnownFileType = file.storyboard; name = Base; path = Base.lproj/Main.storyboard; sourceTree = "<group>"; };
		1463478E22E067C70046F357 /* Assets.xcassets */ = {isa = PBXFileReference; lastKnownFileType = folder.assetcatalog; path = Assets.xcassets; sourceTree = "<group>"; };
		1463479122E067C70046F357 /* Base */ = {isa = PBXFileReference; lastKnownFileType = file.storyboard; name = Base; path = Base.lproj/LaunchScreen.storyboard; sourceTree = "<group>"; };
		1463479322E067C70046F357 /* Info.plist */ = {isa = PBXFileReference; lastKnownFileType = text.plist.xml; path = Info.plist; sourceTree = "<group>"; };
		1463479822E067C70046F357 /* WatchApp_GuessTests.xctest */ = {isa = PBXFileReference; explicitFileType = wrapper.cfbundle; includeInIndex = 0; path = WatchApp_GuessTests.xctest; sourceTree = BUILT_PRODUCTS_DIR; };
		1463479C22E067C70046F357 /* WatchApp_GuessTests.swift */ = {isa = PBXFileReference; lastKnownFileType = sourcecode.swift; path = WatchApp_GuessTests.swift; sourceTree = "<group>"; };
		1463479E22E067C70046F357 /* Info.plist */ = {isa = PBXFileReference; lastKnownFileType = text.plist.xml; path = Info.plist; sourceTree = "<group>"; };
		146347A322E067C70046F357 /* WatchApp_GuessUITests.xctest */ = {isa = PBXFileReference; explicitFileType = wrapper.cfbundle; includeInIndex = 0; path = WatchApp_GuessUITests.xctest; sourceTree = BUILT_PRODUCTS_DIR; };
		146347A722E067C70046F357 /* WatchApp_GuessUITests.swift */ = {isa = PBXFileReference; lastKnownFileType = sourcecode.swift; path = WatchApp_GuessUITests.swift; sourceTree = "<group>"; };
		146347A922E067C70046F357 /* Info.plist */ = {isa = PBXFileReference; lastKnownFileType = text.plist.xml; path = Info.plist; sourceTree = "<group>"; };
		146347AC22E067C70046F357 /* WatchApp_Guess WatchKit App.app */ = {isa = PBXFileReference; explicitFileType = wrapper.application; includeInIndex = 0; path = "WatchApp_Guess WatchKit App.app"; sourceTree = BUILT_PRODUCTS_DIR; };
		146347B222E067C70046F357 /* Base */ = {isa = PBXFileReference; lastKnownFileType = file.storyboard; name = Base; path = Base.lproj/Interface.storyboard; sourceTree = "<group>"; };
		146347B422E067C80046F357 /* Assets.xcassets */ = {isa = PBXFileReference; lastKnownFileType = folder.assetcatalog; path = Assets.xcassets; sourceTree = "<group>"; };
		146347B622E067C80046F357 /* Info.plist */ = {isa = PBXFileReference; lastKnownFileType = text.plist.xml; path = Info.plist; sourceTree = "<group>"; };
		146347BB22E067C80046F357 /* WatchApp_Guess WatchKit Extension.appex */ = {isa = PBXFileReference; explicitFileType = "wrapper.app-extension"; includeInIndex = 0; path = "WatchApp_Guess WatchKit Extension.appex"; sourceTree = BUILT_PRODUCTS_DIR; };
		146347C022E067C80046F357 /* InterfaceController.swift */ = {isa = PBXFileReference; lastKnownFileType = sourcecode.swift; path = InterfaceController.swift; sourceTree = "<group>"; };
		146347C222E067C80046F357 /* ExtensionDelegate.swift */ = {isa = PBXFileReference; lastKnownFileType = sourcecode.swift; path = ExtensionDelegate.swift; sourceTree = "<group>"; };
		146347C422E067C80046F357 /* NotificationController.swift */ = {isa = PBXFileReference; lastKnownFileType = sourcecode.swift; path = NotificationController.swift; sourceTree = "<group>"; };
		146347C622E067C80046F357 /* ComplicationController.swift */ = {isa = PBXFileReference; lastKnownFileType = sourcecode.swift; path = ComplicationController.swift; sourceTree = "<group>"; };
		146347C822E067C80046F357 /* Assets.xcassets */ = {isa = PBXFileReference; lastKnownFileType = folder.assetcatalog; path = Assets.xcassets; sourceTree = "<group>"; };
		146347CA22E067C90046F357 /* Info.plist */ = {isa = PBXFileReference; lastKnownFileType = text.plist.xml; path = Info.plist; sourceTree = "<group>"; };
		146347CB22E067C90046F357 /* PushNotificationPayload.apns */ = {isa = PBXFileReference; lastKnownFileType = text; path = PushNotificationPayload.apns; sourceTree = "<group>"; };
/* End PBXFileReference section */

/* Begin PBXFrameworksBuildPhase section */
		1463478122E067C60046F357 /* Frameworks */ = {
			isa = PBXFrameworksBuildPhase;
			buildActionMask = 2147483647;
			files = (
			);
			runOnlyForDeploymentPostprocessing = 0;
		};
		1463479522E067C70046F357 /* Frameworks */ = {
			isa = PBXFrameworksBuildPhase;
			buildActionMask = 2147483647;
			files = (
			);
			runOnlyForDeploymentPostprocessing = 0;
		};
		146347A022E067C70046F357 /* Frameworks */ = {
			isa = PBXFrameworksBuildPhase;
			buildActionMask = 2147483647;
			files = (
			);
			runOnlyForDeploymentPostprocessing = 0;
		};
		146347B822E067C80046F357 /* Frameworks */ = {
			isa = PBXFrameworksBuildPhase;
			buildActionMask = 2147483647;
			files = (
			);
			runOnlyForDeploymentPostprocessing = 0;
		};
/* End PBXFrameworksBuildPhase section */

/* Begin PBXGroup section */
		1463477B22E067C60046F357 = {
			isa = PBXGroup;
			children = (
				1463478622E067C60046F357 /* WatchApp_Guess */,
				1463479B22E067C70046F357 /* WatchApp_GuessTests */,
				146347A622E067C70046F357 /* WatchApp_GuessUITests */,
				146347B022E067C70046F357 /* WatchApp_Guess WatchKit App */,
				146347BF22E067C80046F357 /* WatchApp_Guess WatchKit Extension */,
				1463478522E067C60046F357 /* Products */,
			);
			sourceTree = "<group>";
		};
		1463478522E067C60046F357 /* Products */ = {
			isa = PBXGroup;
			children = (
				1463478422E067C60046F357 /* WatchApp_Guess.app */,
				1463479822E067C70046F357 /* WatchApp_GuessTests.xctest */,
				146347A322E067C70046F357 /* WatchApp_GuessUITests.xctest */,
				146347AC22E067C70046F357 /* WatchApp_Guess WatchKit App.app */,
				146347BB22E067C80046F357 /* WatchApp_Guess WatchKit Extension.appex */,
			);
			name = Products;
			sourceTree = "<group>";
		};
		1463478622E067C60046F357 /* WatchApp_Guess */ = {
			isa = PBXGroup;
			children = (
				1463478722E067C60046F357 /* AppDelegate.swift */,
				1463478922E067C60046F357 /* ViewController.swift */,
				1463478B22E067C60046F357 /* Main.storyboard */,
				1463478E22E067C70046F357 /* Assets.xcassets */,
				1463479022E067C70046F357 /* LaunchScreen.storyboard */,
				1463479322E067C70046F357 /* Info.plist */,
			);
			path = WatchApp_Guess;
			sourceTree = "<group>";
		};
		1463479B22E067C70046F357 /* WatchApp_GuessTests */ = {
			isa = PBXGroup;
			children = (
				1463479C22E067C70046F357 /* WatchApp_GuessTests.swift */,
				1463479E22E067C70046F357 /* Info.plist */,
			);
			path = WatchApp_GuessTests;
			sourceTree = "<group>";
		};
		146347A622E067C70046F357 /* WatchApp_GuessUITests */ = {
			isa = PBXGroup;
			children = (
				146347A722E067C70046F357 /* WatchApp_GuessUITests.swift */,
				146347A922E067C70046F357 /* Info.plist */,
			);
			path = WatchApp_GuessUITests;
			sourceTree = "<group>";
		};
		146347B022E067C70046F357 /* WatchApp_Guess WatchKit App */ = {
			isa = PBXGroup;
			children = (
				146347B122E067C70046F357 /* Interface.storyboard */,
				146347B422E067C80046F357 /* Assets.xcassets */,
				146347B622E067C80046F357 /* Info.plist */,
			);
			path = "WatchApp_Guess WatchKit App";
			sourceTree = "<group>";
		};
		146347BF22E067C80046F357 /* WatchApp_Guess WatchKit Extension */ = {
			isa = PBXGroup;
			children = (
				146347C022E067C80046F357 /* InterfaceController.swift */,
				146347C222E067C80046F357 /* ExtensionDelegate.swift */,
				146347C422E067C80046F357 /* NotificationController.swift */,
				146347C622E067C80046F357 /* ComplicationController.swift */,
				146347C822E067C80046F357 /* Assets.xcassets */,
				146347CA22E067C90046F357 /* Info.plist */,
				146347CB22E067C90046F357 /* PushNotificationPayload.apns */,
			);
			path = "WatchApp_Guess WatchKit Extension";
			sourceTree = "<group>";
		};
/* End PBXGroup section */

/* Begin PBXNativeTarget section */
		1463478322E067C60046F357 /* WatchApp_Guess */ = {
			isa = PBXNativeTarget;
			buildConfigurationList = 146347D622E067C90046F357 /* Build configuration list for PBXNativeTarget "WatchApp_Guess" */;
			buildPhases = (
				1463478022E067C60046F357 /* Sources */,
				1463478122E067C60046F357 /* Frameworks */,
				1463478222E067C60046F357 /* Resources */,
				146347D522E067C90046F357 /* Embed Watch Content */,
			);
			buildRules = (
			);
			dependencies = (
				146347AF22E067C70046F357 /* PBXTargetDependency */,
			);
			name = WatchApp_Guess;
			productName = WatchApp_Guess;
			productReference = 1463478422E067C60046F357 /* WatchApp_Guess.app */;
			productType = "com.apple.product-type.application";
		};
		1463479722E067C70046F357 /* WatchApp_GuessTests */ = {
			isa = PBXNativeTarget;
			buildConfigurationList = 146347D922E067C90046F357 /* Build configuration list for PBXNativeTarget "WatchApp_GuessTests" */;
			buildPhases = (
				1463479422E067C70046F357 /* Sources */,
				1463479522E067C70046F357 /* Frameworks */,
				1463479622E067C70046F357 /* Resources */,
			);
			buildRules = (
			);
			dependencies = (
				1463479A22E067C70046F357 /* PBXTargetDependency */,
			);
			name = WatchApp_GuessTests;
			productName = WatchApp_GuessTests;
			productReference = 1463479822E067C70046F357 /* WatchApp_GuessTests.xctest */;
			productType = "com.apple.product-type.bundle.unit-test";
		};
		146347A222E067C70046F357 /* WatchApp_GuessUITests */ = {
			isa = PBXNativeTarget;
			buildConfigurationList = 146347DC22E067C90046F357 /* Build configuration list for PBXNativeTarget "WatchApp_GuessUITests" */;
			buildPhases = (
				1463479F22E067C70046F357 /* Sources */,
				146347A022E067C70046F357 /* Frameworks */,
				146347A122E067C70046F357 /* Resources */,
			);
			buildRules = (
			);
			dependencies = (
				146347A522E067C70046F357 /* PBXTargetDependency */,
			);
			name = WatchApp_GuessUITests;
			productName = WatchApp_GuessUITests;
			productReference = 146347A322E067C70046F357 /* WatchApp_GuessUITests.xctest */;
			productType = "com.apple.product-type.bundle.ui-testing";
		};
		146347AB22E067C70046F357 /* WatchApp_Guess WatchKit App */ = {
			isa = PBXNativeTarget;
			buildConfigurationList = 146347D222E067C90046F357 /* Build configuration list for PBXNativeTarget "WatchApp_Guess WatchKit App" */;
			buildPhases = (
				146347AA22E067C70046F357 /* Resources */,
				146347D122E067C90046F357 /* Embed App Extensions */,
			);
			buildRules = (
			);
			dependencies = (
				146347BE22E067C80046F357 /* PBXTargetDependency */,
			);
			name = "WatchApp_Guess WatchKit App";
			productName = "WatchApp_Guess WatchKit App";
			productReference = 146347AC22E067C70046F357 /* WatchApp_Guess WatchKit App.app */;
			productType = "com.apple.product-type.application.watchapp2";
		};
		146347BA22E067C80046F357 /* WatchApp_Guess WatchKit Extension */ = {
			isa = PBXNativeTarget;
			buildConfigurationList = 146347CE22E067C90046F357 /* Build configuration list for PBXNativeTarget "WatchApp_Guess WatchKit Extension" */;
			buildPhases = (
				146347B722E067C80046F357 /* Sources */,
				146347B822E067C80046F357 /* Frameworks */,
				146347B922E067C80046F357 /* Resources */,
			);
			buildRules = (
			);
			dependencies = (
			);
			name = "WatchApp_Guess WatchKit Extension";
			productName = "WatchApp_Guess WatchKit Extension";
			productReference = 146347BB22E067C80046F357 /* WatchApp_Guess WatchKit Extension.appex */;
			productType = "com.apple.product-type.watchkit2-extension";
		};
/* End PBXNativeTarget section */

/* Begin PBXProject section */
		1463477C22E067C60046F357 /* Project object */ = {
			isa = PBXProject;
			attributes = {
				LastSwiftUpdateCheck = 0940;
				LastUpgradeCheck = 0940;
				ORGANIZATIONNAME = Mac;
				TargetAttributes = {
					1463478322E067C60046F357 = {
						CreatedOnToolsVersion = 9.4.1;
					};
					1463479722E067C70046F357 = {
						CreatedOnToolsVersion = 9.4.1;
						TestTargetID = 1463478322E067C60046F357;
					};
					146347A222E067C70046F357 = {
						CreatedOnToolsVersion = 9.4.1;
						TestTargetID = 1463478322E067C60046F357;
					};
					146347AB22E067C70046F357 = {
						CreatedOnToolsVersion = 9.4.1;
					};
					146347BA22E067C80046F357 = {
						CreatedOnToolsVersion = 9.4.1;
					};
				};
			};
			buildConfigurationList = 1463477F22E067C60046F357 /* Build configuration list for PBXProject "WatchApp_Guess" */;
			compatibilityVersion = "Xcode 9.3";
			developmentRegion = en;
			hasScannedForEncodings = 0;
			knownRegions = (
				en,
				Base,
			);
			mainGroup = 1463477B22E067C60046F357;
			productRefGroup = 1463478522E067C60046F357 /* Products */;
			projectDirPath = "";
			projectRoot = "";
			targets = (
				1463478322E067C60046F357 /* WatchApp_Guess */,
				1463479722E067C70046F357 /* WatchApp_GuessTests */,
				146347A222E067C70046F357 /* WatchApp_GuessUITests */,
				146347AB22E067C70046F357 /* WatchApp_Guess WatchKit App */,
				146347BA22E067C80046F357 /* WatchApp_Guess WatchKit Extension */,
			);
		};
/* End PBXProject section */

/* Begin PBXResourcesBuildPhase section */
		1463478222E067C60046F357 /* Resources */ = {
			isa = PBXResourcesBuildPhase;
			buildActionMask = 2147483647;
			files = (
				1463479222E067C70046F357 /* LaunchScreen.storyboard in Resources */,
				1463478F22E067C70046F357 /* Assets.xcassets in Resources */,
				1463478D22E067C60046F357 /* Main.storyboard in Resources */,
			);
			runOnlyForDeploymentPostprocessing = 0;
		};
		1463479622E067C70046F357 /* Resources */ = {
			isa = PBXResourcesBuildPhase;
			buildActionMask = 2147483647;
			files = (
			);
			runOnlyForDeploymentPostprocessing = 0;
		};
		146347A122E067C70046F357 /* Resources */ = {
			isa = PBXResourcesBuildPhase;
			buildActionMask = 2147483647;
			files = (
			);
			runOnlyForDeploymentPostprocessing = 0;
		};
		146347AA22E067C70046F357 /* Resources */ = {
			isa = PBXResourcesBuildPhase;
			buildActionMask = 2147483647;
			files = (
				146347B522E067C80046F357 /* Assets.xcassets in Resources */,
				146347B322E067C70046F357 /* Interface.storyboard in Resources */,
			);
			runOnlyForDeploymentPostprocessing = 0;
		};
		146347B922E067C80046F357 /* Resources */ = {
			isa = PBXResourcesBuildPhase;
			buildActionMask = 2147483647;
			files = (
				146347C922E067C80046F357 /* Assets.xcassets in Resources */,
			);
			runOnlyForDeploymentPostprocessing = 0;
		};
/* End PBXResourcesBuildPhase section */

/* Begin PBXSourcesBuildPhase section */
		1463478022E067C60046F357 /* Sources */ = {
			isa = PBXSourcesBuildPhase;
			buildActionMask = 2147483647;
			files = (
				1463478A22E067C60046F357 /* ViewController.swift in Sources */,
				1463478822E067C60046F357 /* AppDelegate.swift in Sources */,
			);
			runOnlyForDeploymentPostprocessing = 0;
		};
		1463479422E067C70046F357 /* Sources */ = {
			isa = PBXSourcesBuildPhase;
			buildActionMask = 2147483647;
			files = (
				1463479D22E067C70046F357 /* WatchApp_GuessTests.swift in Sources */,
			);
			runOnlyForDeploymentPostprocessing = 0;
		};
		1463479F22E067C70046F357 /* Sources */ = {
			isa = PBXSourcesBuildPhase;
			buildActionMask = 2147483647;
			files = (
				146347A822E067C70046F357 /* WatchApp_GuessUITests.swift in Sources */,
			);
			runOnlyForDeploymentPostprocessing = 0;
		};
		146347B722E067C80046F357 /* Sources */ = {
			isa = PBXSourcesBuildPhase;
			buildActionMask = 2147483647;
			files = (
				146347C522E067C80046F357 /* NotificationController.swift in Sources */,
				146347C722E067C80046F357 /* ComplicationController.swift in Sources */,
				146347C322E067C80046F357 /* ExtensionDelegate.swift in Sources */,
				146347C122E067C80046F357 /* InterfaceController.swift in Sources */,
			);
			runOnlyForDeploymentPostprocessing = 0;
		};
/* End PBXSourcesBuildPhase section */

/* Begin PBXTargetDependency section */
		1463479A22E067C70046F357 /* PBXTargetDependency */ = {
			isa = PBXTargetDependency;
			target = 1463478322E067C60046F357 /* WatchApp_Guess */;
			targetProxy = 1463479922E067C70046F357 /* PBXContainerItemProxy */;
		};
		146347A522E067C70046F357 /* PBXTargetDependency */ = {
			isa = PBXTargetDependency;
			target = 1463478322E067C60046F357 /* WatchApp_Guess */;
			targetProxy = 146347A422E067C70046F357 /* PBXContainerItemProxy */;
		};
		146347AF22E067C70046F357 /* PBXTargetDependency */ = {
			isa = PBXTargetDependency;
			target = 146347AB22E067C70046F357 /* WatchApp_Guess WatchKit App */;
			targetProxy = 146347AE22E067C70046F357 /* PBXContainerItemProxy */;
		};
		146347BE22E067C80046F357 /* PBXTargetDependency */ = {
			isa = PBXTargetDependency;
			target = 146347BA22E067C80046F357 /* WatchApp_Guess WatchKit Extension */;
			targetProxy = 146347BD22E067C80046F357 /* PBXContainerItemProxy */;
		};
/* End PBXTargetDependency section */

/* Begin PBXVariantGroup section */
		1463478B22E067C60046F357 /* Main.storyboard */ = {
			isa = PBXVariantGroup;
			children = (
				1463478C22E067C60046F357 /* Base */,
			);
			name = Main.storyboard;
			sourceTree = "<group>";
		};
		1463479022E067C70046F357 /* LaunchScreen.storyboard */ = {
			isa = PBXVariantGroup;
			children = (
				1463479122E067C70046F357 /* Base */,
			);
			name = LaunchScreen.storyboard;
			sourceTree = "<group>";
		};
		146347B122E067C70046F357 /* Interface.storyboard */ = {
			isa = PBXVariantGroup;
			children = (
				146347B222E067C70046F357 /* Base */,
			);
			name = Interface.storyboard;
			sourceTree = "<group>";
		};
/* End PBXVariantGroup section */

/* Begin XCBuildConfiguration section */
		146347CC22E067C90046F357 /* Debug */ = {
			isa = XCBuildConfiguration;
			buildSettings = {
				ALWAYS_SEARCH_USER_PATHS = NO;
				CLANG_ANALYZER_NONNULL = YES;
				CLANG_ANALYZER_NUMBER_OBJECT_CONVERSION = YES_AGGRESSIVE;
				CLANG_CXX_LANGUAGE_STANDARD = "gnu++14";
				CLANG_CXX_LIBRARY = "libc++";
				CLANG_ENABLE_MODULES = YES;
				CLANG_ENABLE_OBJC_ARC = YES;
				CLANG_ENABLE_OBJC_WEAK = YES;
				CLANG_WARN_BLOCK_CAPTURE_AUTORELEASING = YES;
				CLANG_WARN_BOOL_CONVERSION = YES;
				CLANG_WARN_COMMA = YES;
				CLANG_WARN_CONSTANT_CONVERSION = YES;
				CLANG_WARN_DEPRECATED_OBJC_IMPLEMENTATIONS = YES;
				CLANG_WARN_DIRECT_OBJC_ISA_USAGE = YES_ERROR;
				CLANG_WARN_DOCUMENTATION_COMMENTS = YES;
				CLANG_WARN_EMPTY_BODY = YES;
				CLANG_WARN_ENUM_CONVERSION = YES;
				CLANG_WARN_INFINITE_RECURSION = YES;
				CLANG_WARN_INT_CONVERSION = YES;
				CLANG_WARN_NON_LITERAL_NULL_CONVERSION = YES;
				CLANG_WARN_OBJC_IMPLICIT_RETAIN_SELF = YES;
				CLANG_WARN_OBJC_LITERAL_CONVERSION = YES;
				CLANG_WARN_OBJC_ROOT_CLASS = YES_ERROR;
				CLANG_WARN_RANGE_LOOP_ANALYSIS = YES;
				CLANG_WARN_STRICT_PROTOTYPES = YES;
				CLANG_WARN_SUSPICIOUS_MOVE = YES;
				CLANG_WARN_UNGUARDED_AVAILABILITY = YES_AGGRESSIVE;
				CLANG_WARN_UNREACHABLE_CODE = YES;
				CLANG_WARN__DUPLICATE_METHOD_MATCH = YES;
				CODE_SIGN_IDENTITY = "iPhone Developer";
				COPY_PHASE_STRIP = NO;
				DEBUG_INFORMATION_FORMAT = dwarf;
				ENABLE_STRICT_OBJC_MSGSEND = YES;
				ENABLE_TESTABILITY = YES;
				GCC_C_LANGUAGE_STANDARD = gnu11;
				GCC_DYNAMIC_NO_PIC = NO;
				GCC_NO_COMMON_BLOCKS = YES;
				GCC_OPTIMIZATION_LEVEL = 0;
				GCC_PREPROCESSOR_DEFINITIONS = (
					"DEBUG=1",
					"$(inherited)",
				);
				GCC_WARN_64_TO_32_BIT_CONVERSION = YES;
				GCC_WARN_ABOUT_RETURN_TYPE = YES_ERROR;
				GCC_WARN_UNDECLARED_SELECTOR = YES;
				GCC_WARN_UNINITIALIZED_AUTOS = YES_AGGRESSIVE;
				GCC_WARN_UNUSED_FUNCTION = YES;
				GCC_WARN_UNUSED_VARIABLE = YES;
				IPHONEOS_DEPLOYMENT_TARGET = 11.4;
				MTL_ENABLE_DEBUG_INFO = YES;
				ONLY_ACTIVE_ARCH = YES;
				SDKROOT = iphoneos;
				SWIFT_ACTIVE_COMPILATION_CONDITIONS = DEBUG;
				SWIFT_OPTIMIZATION_LEVEL = "-Onone";
			};
			name = Debug;
		};
		146347CD22E067C90046F357 /* Release */ = {
			isa = XCBuildConfiguration;
			buildSettings = {
				ALWAYS_SEARCH_USER_PATHS = NO;
				CLANG_ANALYZER_NONNULL = YES;
				CLANG_ANALYZER_NUMBER_OBJECT_CONVERSION = YES_AGGRESSIVE;
				CLANG_CXX_LANGUAGE_STANDARD = "gnu++14";
				CLANG_CXX_LIBRARY = "libc++";
				CLANG_ENABLE_MODULES = YES;
				CLANG_ENABLE_OBJC_ARC = YES;
				CLANG_ENABLE_OBJC_WEAK = YES;
				CLANG_WARN_BLOCK_CAPTURE_AUTORELEASING = YES;
				CLANG_WARN_BOOL_CONVERSION = YES;
				CLANG_WARN_COMMA = YES;
				CLANG_WARN_CONSTANT_CONVERSION = YES;
				CLANG_WARN_DEPRECATED_OBJC_IMPLEMENTATIONS = YES;
				CLANG_WARN_DIRECT_OBJC_ISA_USAGE = YES_ERROR;
				CLANG_WARN_DOCUMENTATION_COMMENTS = YES;
				CLANG_WARN_EMPTY_BODY = YES;
				CLANG_WARN_ENUM_CONVERSION = YES;
				CLANG_WARN_INFINITE_RECURSION = YES;
				CLANG_WARN_INT_CONVERSION = YES;
				CLANG_WARN_NON_LITERAL_NULL_CONVERSION = YES;
				CLANG_WARN_OBJC_IMPLICIT_RETAIN_SELF = YES;
				CLANG_WARN_OBJC_LITERAL_CONVERSION = YES;
				CLANG_WARN_OBJC_ROOT_CLASS = YES_ERROR;
				CLANG_WARN_RANGE_LOOP_ANALYSIS = YES;
				CLANG_WARN_STRICT_PROTOTYPES = YES;
				CLANG_WARN_SUSPICIOUS_MOVE = YES;
				CLANG_WARN_UNGUARDED_AVAILABILITY = YES_AGGRESSIVE;
				CLANG_WARN_UNREACHABLE_CODE = YES;
				CLANG_WARN__DUPLICATE_METHOD_MATCH = YES;
				CODE_SIGN_IDENTITY = "iPhone Developer";
				COPY_PHASE_STRIP = NO;
				DEBUG_INFORMATION_FORMAT = "dwarf-with-dsym";
				ENABLE_NS_ASSERTIONS = NO;
				ENABLE_STRICT_OBJC_MSGSEND = YES;
				GCC_C_LANGUAGE_STANDARD = gnu11;
				GCC_NO_COMMON_BLOCKS = YES;
				GCC_WARN_64_TO_32_BIT_CONVERSION = YES;
				GCC_WARN_ABOUT_RETURN_TYPE = YES_ERROR;
				GCC_WARN_UNDECLARED_SELECTOR = YES;
				GCC_WARN_UNINITIALIZED_AUTOS = YES_AGGRESSIVE;
				GCC_WARN_UNUSED_FUNCTION = YES;
				GCC_WARN_UNUSED_VARIABLE = YES;
				IPHONEOS_DEPLOYMENT_TARGET = 11.4;
				MTL_ENABLE_DEBUG_INFO = NO;
				SDKROOT = iphoneos;
				SWIFT_COMPILATION_MODE = wholemodule;
				SWIFT_OPTIMIZATION_LEVEL = "-O";
				VALIDATE_PRODUCT = YES;
			};
			name = Release;
		};
		146347CF22E067C90046F357 /* Debug */ = {
			isa = XCBuildConfiguration;
			buildSettings = {
				ASSETCATALOG_COMPILER_COMPLICATION_NAME = Complication;
				CODE_SIGN_STYLE = Automatic;
				INFOPLIST_FILE = "WatchApp_Guess WatchKit Extension/Info.plist";
				LD_RUNPATH_SEARCH_PATHS = (
					"$(inherited)",
					"@executable_path/Frameworks",
					"@executable_path/../../Frameworks",
				);
				PRODUCT_BUNDLE_IDENTIFIER = "maochengfang.WatchApp-Guess.watchkitapp.watchkitextension";
				PRODUCT_NAME = "${TARGET_NAME}";
				SDKROOT = watchos;
				SKIP_INSTALL = YES;
				SWIFT_VERSION = 4.0;
				TARGETED_DEVICE_FAMILY = 4;
				WATCHOS_DEPLOYMENT_TARGET = 4.3;
			};
			name = Debug;
		};
		146347D022E067C90046F357 /* Release */ = {
			isa = XCBuildConfiguration;
			buildSettings = {
				ASSETCATALOG_COMPILER_COMPLICATION_NAME = Complication;
				CODE_SIGN_STYLE = Automatic;
				INFOPLIST_FILE = "WatchApp_Guess WatchKit Extension/Info.plist";
				LD_RUNPATH_SEARCH_PATHS = (
					"$(inherited)",
					"@executable_path/Frameworks",
					"@executable_path/../../Frameworks",
				);
				PRODUCT_BUNDLE_IDENTIFIER = "maochengfang.WatchApp-Guess.watchkitapp.watchkitextension";
				PRODUCT_NAME = "${TARGET_NAME}";
				SDKROOT = watchos;
				SKIP_INSTALL = YES;
				SWIFT_VERSION = 4.0;
				TARGETED_DEVICE_FAMILY = 4;
				WATCHOS_DEPLOYMENT_TARGET = 4.3;
			};
			name = Release;
		};
		146347D322E067C90046F357 /* Debug */ = {
			isa = XCBuildConfiguration;
			buildSettings = {
				ALWAYS_EMBED_SWIFT_STANDARD_LIBRARIES = YES;
				ASSETCATALOG_COMPILER_APPICON_NAME = AppIcon;
				CODE_SIGN_STYLE = Automatic;
				IBSC_MODULE = WatchApp_Guess_WatchKit_Extension;
				INFOPLIST_FILE = "WatchApp_Guess WatchKit App/Info.plist";
				PRODUCT_BUNDLE_IDENTIFIER = "maochengfang.WatchApp-Guess.watchkitapp";
				PRODUCT_NAME = "$(TARGET_NAME)";
				SDKROOT = watchos;
				SKIP_INSTALL = YES;
				SWIFT_VERSION = 4.0;
				TARGETED_DEVICE_FAMILY = 4;
				WATCHOS_DEPLOYMENT_TARGET = 4.3;
			};
			name = Debug;
		};
		146347D422E067C90046F357 /* Release */ = {
			isa = XCBuildConfiguration;
			buildSettings = {
				ALWAYS_EMBED_SWIFT_STANDARD_LIBRARIES = YES;
				ASSETCATALOG_COMPILER_APPICON_NAME = AppIcon;
				CODE_SIGN_STYLE = Automatic;
				IBSC_MODULE = WatchApp_Guess_WatchKit_Extension;
				INFOPLIST_FILE = "WatchApp_Guess WatchKit App/Info.plist";
				PRODUCT_BUNDLE_IDENTIFIER = "maochengfang.WatchApp-Guess.watchkitapp";
				PRODUCT_NAME = "$(TARGET_NAME)";
				SDKROOT = watchos;
				SKIP_INSTALL = YES;
				SWIFT_VERSION = 4.0;
				TARGETED_DEVICE_FAMILY = 4;
				WATCHOS_DEPLOYMENT_TARGET = 4.3;
			};
			name = Release;
		};
		146347D722E067C90046F357 /* Debug */ = {
			isa = XCBuildConfiguration;
			buildSettings = {
				ASSETCATALOG_COMPILER_APPICON_NAME = AppIcon;
				CODE_SIGN_STYLE = Automatic;
				INFOPLIST_FILE = WatchApp_Guess/Info.plist;
				LD_RUNPATH_SEARCH_PATHS = (
					"$(inherited)",
					"@executable_path/Frameworks",
				);
				PRODUCT_BUNDLE_IDENTIFIER = "maochengfang.WatchApp-Guess";
				PRODUCT_NAME = "$(TARGET_NAME)";
				SWIFT_VERSION = 4.0;
				TARGETED_DEVICE_FAMILY = "1,2";
			};
			name = Debug;
		};
		146347D822E067C90046F357 /* Release */ = {
			isa = XCBuildConfiguration;
			buildSettings = {
				ASSETCATALOG_COMPILER_APPICON_NAME = AppIcon;
				CODE_SIGN_STYLE = Automatic;
				INFOPLIST_FILE = WatchApp_Guess/Info.plist;
				LD_RUNPATH_SEARCH_PATHS = (
					"$(inherited)",
					"@executable_path/Frameworks",
				);
				PRODUCT_BUNDLE_IDENTIFIER = "maochengfang.WatchApp-Guess";
				PRODUCT_NAME = "$(TARGET_NAME)";
				SWIFT_VERSION = 4.0;
				TARGETED_DEVICE_FAMILY = "1,2";
			};
			name = Release;
		};
		146347DA22E067C90046F357 /* Debug */ = {
			isa = XCBuildConfiguration;
			buildSettings = {
				ALWAYS_EMBED_SWIFT_STANDARD_LIBRARIES = YES;
				BUNDLE_LOADER = "$(TEST_HOST)";
				CODE_SIGN_STYLE = Automatic;
				INFOPLIST_FILE = WatchApp_GuessTests/Info.plist;
				LD_RUNPATH_SEARCH_PATHS = (
					"$(inherited)",
					"@executable_path/Frameworks",
					"@loader_path/Frameworks",
				);
				PRODUCT_BUNDLE_IDENTIFIER = "maochengfang.WatchApp-GuessTests";
				PRODUCT_NAME = "$(TARGET_NAME)";
				SWIFT_VERSION = 4.0;
				TARGETED_DEVICE_FAMILY = "1,2";
				TEST_HOST = "$(BUILT_PRODUCTS_DIR)/WatchApp_Guess.app/WatchApp_Guess";
			};
			name = Debug;
		};
		146347DB22E067C90046F357 /* Release */ = {
			isa = XCBuildConfiguration;
			buildSettings = {
				ALWAYS_EMBED_SWIFT_STANDARD_LIBRARIES = YES;
				BUNDLE_LOADER = "$(TEST_HOST)";
				CODE_SIGN_STYLE = Automatic;
				INFOPLIST_FILE = WatchApp_GuessTests/Info.plist;
				LD_RUNPATH_SEARCH_PATHS = (
					"$(inherited)",
					"@executable_path/Frameworks",
					"@loader_path/Frameworks",
				);
				PRODUCT_BUNDLE_IDENTIFIER = "maochengfang.WatchApp-GuessTests";
				PRODUCT_NAME = "$(TARGET_NAME)";
				SWIFT_VERSION = 4.0;
				TARGETED_DEVICE_FAMILY = "1,2";
				TEST_HOST = "$(BUILT_PRODUCTS_DIR)/WatchApp_Guess.app/WatchApp_Guess";
			};
			name = Release;
		};
		146347DD22E067C90046F357 /* Debug */ = {
			isa = XCBuildConfiguration;
			buildSettings = {
				ALWAYS_EMBED_SWIFT_STANDARD_LIBRARIES = YES;
				CODE_SIGN_STYLE = Automatic;
				INFOPLIST_FILE = WatchApp_GuessUITests/Info.plist;
				LD_RUNPATH_SEARCH_PATHS = (
					"$(inherited)",
					"@executable_path/Frameworks",
					"@loader_path/Frameworks",
				);
				PRODUCT_BUNDLE_IDENTIFIER = "maochengfang.WatchApp-GuessUITests";
				PRODUCT_NAME = "$(TARGET_NAME)";
				SWIFT_VERSION = 4.0;
				TARGETED_DEVICE_FAMILY = "1,2";
				TEST_TARGET_NAME = WatchApp_Guess;
			};
			name = Debug;
		};
		146347DE22E067C90046F357 /* Release */ = {
			isa = XCBuildConfiguration;
			buildSettings = {
				ALWAYS_EMBED_SWIFT_STANDARD_LIBRARIES = YES;
				CODE_SIGN_STYLE = Automatic;
				INFOPLIST_FILE = WatchApp_GuessUITests/Info.plist;
				LD_RUNPATH_SEARCH_PATHS = (
					"$(inherited)",
					"@executable_path/Frameworks",
					"@loader_path/Frameworks",
				);
				PRODUCT_BUNDLE_IDENTIFIER = "maochengfang.WatchApp-GuessUITests";
				PRODUCT_NAME = "$(TARGET_NAME)";
				SWIFT_VERSION = 4.0;
				TARGETED_DEVICE_FAMILY = "1,2";
				TEST_TARGET_NAME = WatchApp_Guess;
			};
			name = Release;
		};
/* End XCBuildConfiguration section */

/* Begin XCConfigurationList section */
		1463477F22E067C60046F357 /* Build configuration list for PBXProject "WatchApp_Guess" */ = {
			isa = XCConfigurationList;
			buildConfigurations = (
				146347CC22E067C90046F357 /* Debug */,
				146347CD22E067C90046F357 /* Release */,
			);
			defaultConfigurationIsVisible = 0;
			defaultConfigurationName = Release;
		};
		146347CE22E067C90046F357 /* Build configuration list for PBXNativeTarget "WatchApp_Guess WatchKit Extension" */ = {
			isa = XCConfigurationList;
			buildConfigurations = (
				146347CF22E067C90046F357 /* Debug */,
				146347D022E067C90046F357 /* Release */,
			);
			defaultConfigurationIsVisible = 0;
			defaultConfigurationName = Release;
		};
		146347D222E067C90046F357 /* Build configuration list for PBXNativeTarget "WatchApp_Guess WatchKit App" */ = {
			isa = XCConfigurationList;
			buildConfigurations = (
				146347D322E067C90046F357 /* Debug */,
				146347D422E067C90046F357 /* Release */,
			);
			defaultConfigurationIsVisible = 0;
			defaultConfigurationName = Release;
		};
		146347D622E067C90046F357 /* Build configuration list for PBXNativeTarget "WatchApp_Guess" */ = {
			isa = XCConfigurationList;
			buildConfigurations = (
				146347D722E067C90046F357 /* Debug */,
				146347D822E067C90046F357 /* Release */,
			);
			defaultConfigurationIsVisible = 0;
			defaultConfigurationName = Release;
		};
		146347D922E067C90046F357 /* Build configuration list for PBXNativeTarget "WatchApp_GuessTests" */ = {
			isa = XCConfigurationList;
			buildConfigurations = (
				146347DA22E067C90046F357 /* Debug */,
				146347DB22E067C90046F357 /* Release */,
			);
			defaultConfigurationIsVisible = 0;
			defaultConfigurationName = Release;
		};
		146347DC22E067C90046F357 /* Build configuration list for PBXNativeTarget "WatchApp_GuessUITests" */ = {
			isa = XCConfigurationList;
			buildConfigurations = (
				146347DD22E067C90046F357 /* Debug */,
				146347DE22E067C90046F357 /* Release */,
			);
			defaultConfigurationIsVisible = 0;
			defaultConfigurationName = Release;
		};
/* End XCConfigurationList section */
	};
	rootObject = 1463477C22E067C60046F357 /* Project object */;
}
