// !$*UTF8*$!
{
	archiveVersion = 1;
	classes = {
	};
	objectVersion = 50;
	objects = {

/* Begin PBXBuildFile section */
		1444DC7F22E1ADBE0075218D /* AppDelegate.swift in Sources */ = {isa = PBXBuildFile; fileRef = 1444DC7E22E1ADBE0075218D /* AppDelegate.swift */; };
		1444DC8122E1ADBE0075218D /* ViewController.swift in Sources */ = {isa = PBXBuildFile; fileRef = 1444DC8022E1ADBE0075218D /* ViewController.swift */; };
		1444DC8422E1ADBE0075218D /* Main.storyboard in Resources */ = {isa = PBXBuildFile; fileRef = 1444DC8222E1ADBE0075218D /* Main.storyboard */; };
		1444DC8622E1ADBF0075218D /* Assets.xcassets in Resources */ = {isa = PBXBuildFile; fileRef = 1444DC8522E1ADBF0075218D /* Assets.xcassets */; };
		1444DC8922E1ADBF0075218D /* LaunchScreen.storyboard in Resources */ = {isa = PBXBuildFile; fileRef = 1444DC8722E1ADBF0075218D /* LaunchScreen.storyboard */; };
		1444DC9422E1ADF50075218D /* SWRevealViewController.m in Sources */ = {isa = PBXBuildFile; fileRef = 1444DC9322E1ADF50075218D /* SWRevealViewController.m */; };
		1444DC9B22E1B5EE0075218D /* MenuViewController.swift in Sources */ = {isa = PBXBuildFile; fileRef = 1444DC9A22E1B5EE0075218D /* MenuViewController.swift */; };
/* End PBXBuildFile section */

/* Begin PBXFileReference section */
		1444DC7B22E1ADBE0075218D /* SideNavigation.app */ = {isa = PBXFileReference; explicitFileType = wrapper.application; includeInIndex = 0; path = SideNavigation.app; sourceTree = BUILT_PRODUCTS_DIR; };
		1444DC7E22E1ADBE0075218D /* AppDelegate.swift */ = {isa = PBXFileReference; lastKnownFileType = sourcecode.swift; path = AppDelegate.swift; sourceTree = "<group>"; };
		1444DC8022E1ADBE0075218D /* ViewController.swift */ = {isa = PBXFileReference; lastKnownFileType = sourcecode.swift; path = ViewController.swift; sourceTree = "<group>"; };
		1444DC8322E1ADBE0075218D /* Base */ = {isa = PBXFileReference; lastKnownFileType = file.storyboard; name = Base; path = Base.lproj/Main.storyboard; sourceTree = "<group>"; };
		1444DC8522E1ADBF0075218D /* Assets.xcassets */ = {isa = PBXFileReference; lastKnownFileType = folder.assetcatalog; path = Assets.xcassets; sourceTree = "<group>"; };
		1444DC8822E1ADBF0075218D /* Base */ = {isa = PBXFileReference; lastKnownFileType = file.storyboard; name = Base; path = Base.lproj/LaunchScreen.storyboard; sourceTree = "<group>"; };
		1444DC8A22E1ADBF0075218D /* Info.plist */ = {isa = PBXFileReference; lastKnownFileType = text.plist.xml; path = Info.plist; sourceTree = "<group>"; };
		1444DC9022E1ADDE0075218D /* SideNavigation-Bridging-Header.h */ = {isa = PBXFileReference; lastKnownFileType = sourcecode.c.h; path = "SideNavigation-Bridging-Header.h"; sourceTree = "<group>"; };
		1444DC9222E1ADF50075218D /* SWRevealViewController.h */ = {isa = PBXFileReference; fileEncoding = 4; lastKnownFileType = sourcecode.c.h; path = SWRevealViewController.h; sourceTree = "<group>"; };
		1444DC9322E1ADF50075218D /* SWRevealViewController.m */ = {isa = PBXFileReference; fileEncoding = 4; lastKnownFileType = sourcecode.c.objc; path = SWRevealViewController.m; sourceTree = "<group>"; };
		1444DC9A22E1B5EE0075218D /* MenuViewController.swift */ = {isa = PBXFileReference; lastKnownFileType = sourcecode.swift; path = MenuViewController.swift; sourceTree = "<group>"; };
/* End PBXFileReference section */

/* Begin PBXFrameworksBuildPhase section */
		1444DC7822E1ADBE0075218D /* Frameworks */ = {
			isa = PBXFrameworksBuildPhase;
			buildActionMask = 2147483647;
			files = (
			);
			runOnlyForDeploymentPostprocessing = 0;
		};
/* End PBXFrameworksBuildPhase section */

/* Begin PBXGroup section */
		1444DC7222E1ADBE0075218D = {
			isa = PBXGroup;
			children = (
				1444DC7D22E1ADBE0075218D /* SideNavigation */,
				1444DC7C22E1ADBE0075218D /* Products */,
			);
			sourceTree = "<group>";
		};
		1444DC7C22E1ADBE0075218D /* Products */ = {
			isa = PBXGroup;
			children = (
				1444DC7B22E1ADBE0075218D /* SideNavigation.app */,
			);
			name = Products;
			sourceTree = "<group>";
		};
		1444DC7D22E1ADBE0075218D /* SideNavigation */ = {
			isa = PBXGroup;
			children = (
				1444DC9122E1ADF50075218D /* SWRevealViewController */,
				1444DC7E22E1ADBE0075218D /* AppDelegate.swift */,
				1444DC8022E1ADBE0075218D /* ViewController.swift */,
				1444DC9A22E1B5EE0075218D /* MenuViewController.swift */,
				1444DC9022E1ADDE0075218D /* SideNavigation-Bridging-Header.h */,
				1444DC8222E1ADBE0075218D /* Main.storyboard */,
				1444DC8522E1ADBF0075218D /* Assets.xcassets */,
				1444DC8722E1ADBF0075218D /* LaunchScreen.storyboard */,
				1444DC8A22E1ADBF0075218D /* Info.plist */,
			);
			path = SideNavigation;
			sourceTree = "<group>";
		};
		1444DC9122E1ADF50075218D /* SWRevealViewController */ = {
			isa = PBXGroup;
			children = (
				1444DC9222E1ADF50075218D /* SWRevealViewController.h */,
				1444DC9322E1ADF50075218D /* SWRevealViewController.m */,
			);
			path = SWRevealViewController;
			sourceTree = "<group>";
		};
/* End PBXGroup section */

/* Begin PBXNativeTarget section */
		1444DC7A22E1ADBE0075218D /* SideNavigation */ = {
			isa = PBXNativeTarget;
			buildConfigurationList = 1444DC8D22E1ADBF0075218D /* Build configuration list for PBXNativeTarget "SideNavigation" */;
			buildPhases = (
				1444DC7722E1ADBE0075218D /* Sources */,
				1444DC7822E1ADBE0075218D /* Frameworks */,
				1444DC7922E1ADBE0075218D /* Resources */,
			);
			buildRules = (
			);
			dependencies = (
			);
			name = SideNavigation;
			productName = SideNavigation;
			productReference = 1444DC7B22E1ADBE0075218D /* SideNavigation.app */;
			productType = "com.apple.product-type.application";
		};
/* End PBXNativeTarget section */

/* Begin PBXProject section */
		1444DC7322E1ADBE0075218D /* Project object */ = {
			isa = PBXProject;
			attributes = {
				LastSwiftUpdateCheck = 0940;
				LastUpgradeCheck = 0940;
				ORGANIZATIONNAME = Mac;
				TargetAttributes = {
					1444DC7A22E1ADBE0075218D = {
						CreatedOnToolsVersion = 9.4.1;
					};
				};
			};
			buildConfigurationList = 1444DC7622E1ADBE0075218D /* Build configuration list for PBXProject "SideNavigation" */;
			compatibilityVersion = "Xcode 9.3";
			developmentRegion = en;
			hasScannedForEncodings = 0;
			knownRegions = (
				en,
				Base,
			);
			mainGroup = 1444DC7222E1ADBE0075218D;
			productRefGroup = 1444DC7C22E1ADBE0075218D /* Products */;
			projectDirPath = "";
			projectRoot = "";
			targets = (
				1444DC7A22E1ADBE0075218D /* SideNavigation */,
			);
		};
/* End PBXProject section */

/* Begin PBXResourcesBuildPhase section */
		1444DC7922E1ADBE0075218D /* Resources */ = {
			isa = PBXResourcesBuildPhase;
			buildActionMask = 2147483647;
			files = (
				1444DC8922E1ADBF0075218D /* LaunchScreen.storyboard in Resources */,
				1444DC8622E1ADBF0075218D /* Assets.xcassets in Resources */,
				1444DC8422E1ADBE0075218D /* Main.storyboard in Resources */,
			);
			runOnlyForDeploymentPostprocessing = 0;
		};
/* End PBXResourcesBuildPhase section */

/* Begin PBXSourcesBuildPhase section */
		1444DC7722E1ADBE0075218D /* Sources */ = {
			isa = PBXSourcesBuildPhase;
			buildActionMask = 2147483647;
			files = (
				1444DC8122E1ADBE0075218D /* ViewController.swift in Sources */,
				1444DC7F22E1ADBE0075218D /* AppDelegate.swift in Sources */,
				1444DC9422E1ADF50075218D /* SWRevealViewController.m in Sources */,
				1444DC9B22E1B5EE0075218D /* MenuViewController.swift in Sources */,
			);
			runOnlyForDeploymentPostprocessing = 0;
		};
/* End PBXSourcesBuildPhase section */

/* Begin PBXVariantGroup section */
		1444DC8222E1ADBE0075218D /* Main.storyboard */ = {
			isa = PBXVariantGroup;
			children = (
				1444DC8322E1ADBE0075218D /* Base */,
			);
			name = Main.storyboard;
			sourceTree = "<group>";
		};
		1444DC8722E1ADBF0075218D /* LaunchScreen.storyboard */ = {
			isa = PBXVariantGroup;
			children = (
				1444DC8822E1ADBF0075218D /* Base */,
			);
			name = LaunchScreen.storyboard;
			sourceTree = "<group>";
		};
/* End PBXVariantGroup section */

/* Begin XCBuildConfiguration section */
		1444DC8B22E1ADBF0075218D /* Debug */ = {
			isa = XCBuildConfiguration;
			buildSettings = {
				ALWAYS_SEARCH_USER_PATHS = NO;
				CLANG_ANALYZER_NONNULL = YES;
				CLANG_ANALYZER_NUMBER_OBJECT_CONVERSION = YES_AGGRESSIVE;
				CLANG_CXX_LANGUAGE_STANDARD = "gnu++14";
				CLANG_CXX_LIBRARY = "libc++";
				CLANG_ENABLE_MODULES = YES;
				CLANG_ENABLE_OBJC_ARC = YES;
				CLANG_ENABLE_OBJC_WEAK = YES;
				CLANG_WARN_BLOCK_CAPTURE_AUTORELEASING = YES;
				CLANG_WARN_BOOL_CONVERSION = YES;
				CLANG_WARN_COMMA = YES;
				CLANG_WARN_CONSTANT_CONVERSION = YES;
				CLANG_WARN_DEPRECATED_OBJC_IMPLEMENTATIONS = YES;
				CLANG_WARN_DIRECT_OBJC_ISA_USAGE = YES_ERROR;
				CLANG_WARN_DOCUMENTATION_COMMENTS = YES;
				CLANG_WARN_EMPTY_BODY = YES;
				CLANG_WARN_ENUM_CONVERSION = YES;
				CLANG_WARN_INFINITE_RECURSION = YES;
				CLANG_WARN_INT_CONVERSION = YES;
				CLANG_WARN_NON_LITERAL_NULL_CONVERSION = YES;
				CLANG_WARN_OBJC_IMPLICIT_RETAIN_SELF = YES;
				CLANG_WARN_OBJC_LITERAL_CONVERSION = YES;
				CLANG_WARN_OBJC_ROOT_CLASS = YES_ERROR;
				CLANG_WARN_RANGE_LOOP_ANALYSIS = YES;
				CLANG_WARN_STRICT_PROTOTYPES = YES;
				CLANG_WARN_SUSPICIOUS_MOVE = YES;
				CLANG_WARN_UNGUARDED_AVAILABILITY = YES_AGGRESSIVE;
				CLANG_WARN_UNREACHABLE_CODE = YES;
				CLANG_WARN__DUPLICATE_METHOD_MATCH = YES;
				CODE_SIGN_IDENTITY = "iPhone Developer";
				COPY_PHASE_STRIP = NO;
				DEBUG_INFORMATION_FORMAT = dwarf;
				ENABLE_STRICT_OBJC_MSGSEND = YES;
				ENABLE_TESTABILITY = YES;
				GCC_C_LANGUAGE_STANDARD = gnu11;
				GCC_DYNAMIC_NO_PIC = NO;
				GCC_NO_COMMON_BLOCKS = YES;
				GCC_OPTIMIZATION_LEVEL = 0;
				GCC_PREPROCESSOR_DEFINITIONS = (
					"DEBUG=1",
					"$(inherited)",
				);
				GCC_WARN_64_TO_32_BIT_CONVERSION = YES;
				GCC_WARN_ABOUT_RETURN_TYPE = YES_ERROR;
				GCC_WARN_UNDECLARED_SELECTOR = YES;
				GCC_WARN_UNINITIALIZED_AUTOS = YES_AGGRESSIVE;
				GCC_WARN_UNUSED_FUNCTION = YES;
				GCC_WARN_UNUSED_VARIABLE = YES;
				IPHONEOS_DEPLOYMENT_TARGET = 11.4;
				MTL_ENABLE_DEBUG_INFO = YES;
				ONLY_ACTIVE_ARCH = YES;
				SDKROOT = iphoneos;
				SWIFT_ACTIVE_COMPILATION_CONDITIONS = DEBUG;
				SWIFT_OPTIMIZATION_LEVEL = "-Onone";
			};
			name = Debug;
		};
		1444DC8C22E1ADBF0075218D /* Release */ = {
			isa = XCBuildConfiguration;
			buildSettings = {
				ALWAYS_SEARCH_USER_PATHS = NO;
				CLANG_ANALYZER_NONNULL = YES;
				CLANG_ANALYZER_NUMBER_OBJECT_CONVERSION = YES_AGGRESSIVE;
				CLANG_CXX_LANGUAGE_STANDARD = "gnu++14";
				CLANG_CXX_LIBRARY = "libc++";
				CLANG_ENABLE_MODULES = YES;
				CLANG_ENABLE_OBJC_ARC = YES;
				CLANG_ENABLE_OBJC_WEAK = YES;
				CLANG_WARN_BLOCK_CAPTURE_AUTORELEASING = YES;
				CLANG_WARN_BOOL_CONVERSION = YES;
				CLANG_WARN_COMMA = YES;
				CLANG_WARN_CONSTANT_CONVERSION = YES;
				CLANG_WARN_DEPRECATED_OBJC_IMPLEMENTATIONS = YES;
				CLANG_WARN_DIRECT_OBJC_ISA_USAGE = YES_ERROR;
				CLANG_WARN_DOCUMENTATION_COMMENTS = YES;
				CLANG_WARN_EMPTY_BODY = YES;
				CLANG_WARN_ENUM_CONVERSION = YES;
				CLANG_WARN_INFINITE_RECURSION = YES;
				CLANG_WARN_INT_CONVERSION = YES;
				CLANG_WARN_NON_LITERAL_NULL_CONVERSION = YES;
				CLANG_WARN_OBJC_IMPLICIT_RETAIN_SELF = YES;
				CLANG_WARN_OBJC_LITERAL_CONVERSION = YES;
				CLANG_WARN_OBJC_ROOT_CLASS = YES_ERROR;
				CLANG_WARN_RANGE_LOOP_ANALYSIS = YES;
				CLANG_WARN_STRICT_PROTOTYPES = YES;
				CLANG_WARN_SUSPICIOUS_MOVE = YES;
				CLANG_WARN_UNGUARDED_AVAILABILITY = YES_AGGRESSIVE;
				CLANG_WARN_UNREACHABLE_CODE = YES;
				CLANG_WARN__DUPLICATE_METHOD_MATCH = YES;
				CODE_SIGN_IDENTITY = "iPhone Developer";
				COPY_PHASE_STRIP = NO;
				DEBUG_INFORMATION_FORMAT = "dwarf-with-dsym";
				ENABLE_NS_ASSERTIONS = NO;
				ENABLE_STRICT_OBJC_MSGSEND = YES;
				GCC_C_LANGUAGE_STANDARD = gnu11;
				GCC_NO_COMMON_BLOCKS = YES;
				GCC_WARN_64_TO_32_BIT_CONVERSION = YES;
				GCC_WARN_ABOUT_RETURN_TYPE = YES_ERROR;
				GCC_WARN_UNDECLARED_SELECTOR = YES;
				GCC_WARN_UNINITIALIZED_AUTOS = YES_AGGRESSIVE;
				GCC_WARN_UNUSED_FUNCTION = YES;
				GCC_WARN_UNUSED_VARIABLE = YES;
				IPHONEOS_DEPLOYMENT_TARGET = 11.4;
				MTL_ENABLE_DEBUG_INFO = NO;
				SDKROOT = iphoneos;
				SWIFT_COMPILATION_MODE = wholemodule;
				SWIFT_OPTIMIZATION_LEVEL = "-O";
				VALIDATE_PRODUCT = YES;
			};
			name = Release;
		};
		1444DC8E22E1ADBF0075218D /* Debug */ = {
			isa = XCBuildConfiguration;
			buildSettings = {
				ASSETCATALOG_COMPILER_APPICON_NAME = AppIcon;
				CODE_SIGN_STYLE = Automatic;
				INFOPLIST_FILE = SideNavigation/Info.plist;
				LD_RUNPATH_SEARCH_PATHS = (
					"$(inherited)",
					"@executable_path/Frameworks",
				);
				PRODUCT_BUNDLE_IDENTIFIER = maochengfang.SideNavigation;
				PRODUCT_NAME = "$(TARGET_NAME)";
				SWIFT_OBJC_BRIDGING_HEADER = "/Users/a10.11.5/Desktop/30-swift-projects/SideNavigation/SideNavigation/SideNavigation-Bridging-Header.h";
				"SWIFT_OBJC_BRIDGING_HEADER[arch=*]" = "";
				SWIFT_VERSION = 4.0;
				TARGETED_DEVICE_FAMILY = "1,2";
			};
			name = Debug;
		};
		1444DC8F22E1ADBF0075218D /* Release */ = {
			isa = XCBuildConfiguration;
			buildSettings = {
				ASSETCATALOG_COMPILER_APPICON_NAME = AppIcon;
				CODE_SIGN_STYLE = Automatic;
				INFOPLIST_FILE = SideNavigation/Info.plist;
				LD_RUNPATH_SEARCH_PATHS = (
					"$(inherited)",
					"@executable_path/Frameworks",
				);
				PRODUCT_BUNDLE_IDENTIFIER = maochengfang.SideNavigation;
				PRODUCT_NAME = "$(TARGET_NAME)";
				SWIFT_OBJC_BRIDGING_HEADER = "/Users/a10.11.5/Desktop/30-swift-projects/SideNavigation/SideNavigation/SideNavigation-Bridging-Header.h";
				SWIFT_VERSION = 4.0;
				TARGETED_DEVICE_FAMILY = "1,2";
			};
			name = Release;
		};
/* End XCBuildConfiguration section */

/* Begin XCConfigurationList section */
		1444DC7622E1ADBE0075218D /* Build configuration list for PBXProject "SideNavigation" */ = {
			isa = XCConfigurationList;
			buildConfigurations = (
				1444DC8B22E1ADBF0075218D /* Debug */,
				1444DC8C22E1ADBF0075218D /* Release */,
			);
			defaultConfigurationIsVisible = 0;
			defaultConfigurationName = Release;
		};
		1444DC8D22E1ADBF0075218D /* Build configuration list for PBXNativeTarget "SideNavigation" */ = {
			isa = XCConfigurationList;
			buildConfigurations = (
				1444DC8E22E1ADBF0075218D /* Debug */,
				1444DC8F22E1ADBF0075218D /* Release */,
			);
			defaultConfigurationIsVisible = 0;
			defaultConfigurationName = Release;
		};
/* End XCConfigurationList section */
	};
	rootObject = 1444DC7322E1ADBE0075218D /* Project object */;
}
